
Microsoft Visual Studio Solution File, Format Version 12.00
# Visual Studio Version 17
VisualStudioVersion = 17.4.33213.308
MinimumVisualStudioVersion = 10.0.40219.1
Project("{FAE04EC0-301F-11D3-BF4B-00C04F79EFBC}") = "Palindrome", "Palindrome\Palindrome.csproj", "{8DDAE03E-F7C4-4D2B-99C4-51404CCE580B}"
EndProject
Global
	GlobalSection(SolutionConfigurationPlatforms) = preSolution
		Debug|Any CPU = Debug|Any CPU
		Release|Any CPU = Release|Any CPU
	EndGlobalSection
	GlobalSection(ProjectConfigurationPlatforms) = postSolution
		{8DDAE03E-F7C4-4D2B-99C4-51404CCE580B}.Debug|Any CPU.ActiveCfg = Debug|Any CPU
		{8DDAE03E-F7C4-4D2B-99C4-51404CCE580B}.Debug|Any CPU.Build.0 = Debug|Any CPU
		{8DDAE03E-F7C4-4D2B-99C4-51404CCE580B}.Release|Any CPU.ActiveCfg = Release|Any CPU
		{8DDAE03E-F7C4-4D2B-99C4-51404CCE580B}.Release|Any CPU.Build.0 = Release|Any CPU
	EndGlobalSection
	GlobalSection(SolutionProperties) = preSolution
		HideSolutionNode = FALSE
	EndGlobalSection
	GlobalSection(ExtensibilityGlobals) = postSolution
		SolutionGuid = {FB4DBDA8-FB0C-41AD-BD2C-4F5C3A4C7BC7}
	EndGlobalSection
EndGlobal
